github.com/lovung/bloomfilter v0.0.2 h1:jg7124dakE2FUGh3pS21RyF35UeOstFH2ndkVHGX+3M=
github.com/lovung/bloomfilter v0.0.2/go.mod h1:7fhWoJ8Vr1La6NhgvuS6l7Le/YxrY/+5SJqE6ZMoRI4=
golang.org/x/exp v0.0.0-20230905200255-921286631fa9 h1:GoHiUyI/Tp2nVkLI2mCxVkOjsbSXD66ic0XW0js0R9g=
golang.org/x/exp v0.0.0-20230905200255-921286631fa9/go.mod h1:S2oDrQGGwySpoQPVqRShND87VCbxmc6bL1Yd2oYrm6k=
